
Microsoft Visual Studio Solution File, Format Version 12.00
# Visual Studio Version 16
VisualStudioVersion = 25.0.1705.4
MinimumVisualStudioVersion = 10.0.40219.1
Project("{FAE04EC0-301F-11D3-BF4B-00C04F79EFBC}") = "ViedoHub", "ViedoHub\ViedoHub.csproj", "{56AC532C-203E-4DDB-B5BD-2FF385CA0A2B}"
EndProject
Global
	GlobalSection(SolutionConfigurationPlatforms) = preSolution
		Debug|Any CPU = Debug|Any CPU
		Release|Any CPU = Release|Any CPU
	EndGlobalSection
	GlobalSection(ProjectConfigurationPlatforms) = postSolution
		{56AC532C-203E-4DDB-B5BD-2FF385CA0A2B}.Debug|Any CPU.ActiveCfg = Debug|Any CPU
		{56AC532C-203E-4DDB-B5BD-2FF385CA0A2B}.Debug|Any CPU.Build.0 = Debug|Any CPU
		{56AC532C-203E-4DDB-B5BD-2FF385CA0A2B}.Release|Any CPU.ActiveCfg = Release|Any CPU
		{56AC532C-203E-4DDB-B5BD-2FF385CA0A2B}.Release|Any CPU.Build.0 = Release|Any CPU
	EndGlobalSection
	GlobalSection(SolutionProperties) = preSolution
		HideSolutionNode = FALSE
	EndGlobalSection
	GlobalSection(ExtensibilityGlobals) = postSolution
		SolutionGuid = {C6E0B702-F519-44D4-A1DA-F05E21A81FC9}
	EndGlobalSection
EndGlobal
